<?xml version="1.0" encoding="utf-8"?>
<Project ToolsVersion="4.0" xmlns="http://schemas.microsoft.com/developer/msbuild/2003">
  <ItemGroup>
    <ClCompile Include="Code\Sources\DummyClass.cpp" />
    <ClCompile Include="Tests\test.cpp" />
  </ItemGroup>
  <ItemGroup>
    <ClInclude Include="Code\Headers\DummyClass.h" />
  </ItemGroup>
  <ItemGroup>
    <None Include="packages.config" />
  </ItemGroup>
</Project>